// !$*UTF8*$!
{
	archiveVersion = 1;
	classes = {
	};
	objectVersion = 46;
	objects = {

/* Begin PBXBuildFile section */
		4AED61DA1E0F38C9000E7E6A /* main.m in Sources */ = {isa = PBXBuildFile; fileRef = 4AED61D91E0F38C9000E7E6A /* main.m */; };
		4AED61DD1E0F38CA000E7E6A /* AppDelegate.m in Sources */ = {isa = PBXBuildFile; fileRef = 4AED61DC1E0F38CA000E7E6A /* AppDelegate.m */; };
		4AED61E01E0F38CA000E7E6A /* ViewController.m in Sources */ = {isa = PBXBuildFile; fileRef = 4AED61DF1E0F38CA000E7E6A /* ViewController.m */; };
		4AED61E31E0F38CA000E7E6A /* Main.storyboard in Resources */ = {isa = PBXBuildFile; fileRef = 4AED61E11E0F38CA000E7E6A /* Main.storyboard */; };
		4AED61E51E0F38CA000E7E6A /* Assets.xcassets in Resources */ = {isa = PBXBuildFile; fileRef = 4AED61E41E0F38CA000E7E6A /* Assets.xcassets */; };
		4AED61E81E0F38CA000E7E6A /* LaunchScreen.storyboard in Resources */ = {isa = PBXBuildFile; fileRef = 4AED61E61E0F38CA000E7E6A /* LaunchScreen.storyboard */; };
		4AED61F31E0F38CC000E7E6A /* DevslopesTutorialsTests.m in Sources */ = {isa = PBXBuildFile; fileRef = 4AED61F21E0F38CC000E7E6A /* DevslopesTutorialsTests.m */; };
		4AED62001E0F3919000E7E6A /* HTTPService.m in Sources */ = {isa = PBXBuildFile; fileRef = 4AED61FF1E0F3919000E7E6A /* HTTPService.m */; };
/* End PBXBuildFile section */

/* Begin PBXContainerItemProxy section */
		4AED61EF1E0F38CC000E7E6A /* PBXContainerItemProxy */ = {
			isa = PBXContainerItemProxy;
			containerPortal = 4AED61CD1E0F38C8000E7E6A /* Project object */;
			proxyType = 1;
			remoteGlobalIDString = 4AED61D41E0F38C9000E7E6A;
			remoteInfo = DevslopesTutorials;
		};
/* End PBXContainerItemProxy section */

/* Begin PBXFileReference section */
		4AED61D51E0F38C9000E7E6A /* DevslopesTutorials.app */ = {isa = PBXFileReference; explicitFileType = wrapper.application; includeInIndex = 0; path = DevslopesTutorials.app; sourceTree = BUILT_PRODUCTS_DIR; };
		4AED61D91E0F38C9000E7E6A /* main.m */ = {isa = PBXFileReference; lastKnownFileType = sourcecode.c.objc; path = main.m; sourceTree = "<group>"; };
		4AED61DB1E0F38C9000E7E6A /* AppDelegate.h */ = {isa = PBXFileReference; lastKnownFileType = sourcecode.c.h; path = AppDelegate.h; sourceTree = "<group>"; };
		4AED61DC1E0F38CA000E7E6A /* AppDelegate.m */ = {isa = PBXFileReference; lastKnownFileType = sourcecode.c.objc; path = AppDelegate.m; sourceTree = "<group>"; };
		4AED61DE1E0F38CA000E7E6A /* ViewController.h */ = {isa = PBXFileReference; lastKnownFileType = sourcecode.c.h; path = ViewController.h; sourceTree = "<group>"; };
		4AED61DF1E0F38CA000E7E6A /* ViewController.m */ = {isa = PBXFileReference; lastKnownFileType = sourcecode.c.objc; path = ViewController.m; sourceTree = "<group>"; };
		4AED61E21E0F38CA000E7E6A /* Base */ = {isa = PBXFileReference; lastKnownFileType = file.storyboard; name = Base; path = Base.lproj/Main.storyboard; sourceTree = "<group>"; };
		4AED61E41E0F38CA000E7E6A /* Assets.xcassets */ = {isa = PBXFileReference; lastKnownFileType = folder.assetcatalog; path = Assets.xcassets; sourceTree = "<group>"; };
		4AED61E71E0F38CA000E7E6A /* Base */ = {isa = PBXFileReference; lastKnownFileType = file.storyboard; name = Base; path = Base.lproj/LaunchScreen.storyboard; sourceTree = "<group>"; };
		4AED61E91E0F38CA000E7E6A /* Info.plist */ = {isa = PBXFileReference; lastKnownFileType = text.plist.xml; path = Info.plist; sourceTree = "<group>"; };
		4AED61EE1E0F38CC000E7E6A /* DevslopesTutorialsTests.xctest */ = {isa = PBXFileReference; explicitFileType = wrapper.cfbundle; includeInIndex = 0; path = DevslopesTutorialsTests.xctest; sourceTree = BUILT_PRODUCTS_DIR; };
		4AED61F21E0F38CC000E7E6A /* DevslopesTutorialsTests.m */ = {isa = PBXFileReference; lastKnownFileType = sourcecode.c.objc; path = DevslopesTutorialsTests.m; sourceTree = "<group>"; };
		4AED61F41E0F38CC000E7E6A /* Info.plist */ = {isa = PBXFileReference; lastKnownFileType = text.plist.xml; path = Info.plist; sourceTree = "<group>"; };
		4AED61FE1E0F3919000E7E6A /* HTTPService.h */ = {isa = PBXFileReference; fileEncoding = 4; lastKnownFileType = sourcecode.c.h; path = HTTPService.h; sourceTree = "<group>"; };
		4AED61FF1E0F3919000E7E6A /* HTTPService.m */ = {isa = PBXFileReference; fileEncoding = 4; lastKnownFileType = sourcecode.c.objc; path = HTTPService.m; sourceTree = "<group>"; };
/* End PBXFileReference section */

/* Begin PBXFrameworksBuildPhase section */
		4AED61D21E0F38C9000E7E6A /* Frameworks */ = {
			isa = PBXFrameworksBuildPhase;
			buildActionMask = 2147483647;
			files = (
			);
			runOnlyForDeploymentPostprocessing = 0;
		};
		4AED61EB1E0F38CC000E7E6A /* Frameworks */ = {
			isa = PBXFrameworksBuildPhase;
			buildActionMask = 2147483647;
			files = (
			);
			runOnlyForDeploymentPostprocessing = 0;
		};
/* End PBXFrameworksBuildPhase section */

/* Begin PBXGroup section */
		4AED61CC1E0F38C8000E7E6A = {
			isa = PBXGroup;
			children = (
				4AED61D71E0F38C9000E7E6A /* DevslopesTutorials */,
				4AED61F11E0F38CC000E7E6A /* DevslopesTutorialsTests */,
				4AED61D61E0F38C9000E7E6A /* Products */,
			);
			sourceTree = "<group>";
		};
		4AED61D61E0F38C9000E7E6A /* Products */ = {
			isa = PBXGroup;
			children = (
				4AED61D51E0F38C9000E7E6A /* DevslopesTutorials.app */,
				4AED61EE1E0F38CC000E7E6A /* DevslopesTutorialsTests.xctest */,
			);
			name = Products;
			sourceTree = "<group>";
		};
		4AED61D71E0F38C9000E7E6A /* DevslopesTutorials */ = {
			isa = PBXGroup;
			children = (
				4AED61FD1E0F38DD000E7E6A /* Services */,
				4AED61DB1E0F38C9000E7E6A /* AppDelegate.h */,
				4AED61DC1E0F38CA000E7E6A /* AppDelegate.m */,
				4AED61DE1E0F38CA000E7E6A /* ViewController.h */,
				4AED61DF1E0F38CA000E7E6A /* ViewController.m */,
				4AED61E11E0F38CA000E7E6A /* Main.storyboard */,
				4AED61E41E0F38CA000E7E6A /* Assets.xcassets */,
				4AED61E61E0F38CA000E7E6A /* LaunchScreen.storyboard */,
				4AED61E91E0F38CA000E7E6A /* Info.plist */,
				4AED61D81E0F38C9000E7E6A /* Supporting Files */,
			);
			path = DevslopesTutorials;
			sourceTree = "<group>";
		};
		4AED61D81E0F38C9000E7E6A /* Supporting Files */ = {
			isa = PBXGroup;
			children = (
				4AED61D91E0F38C9000E7E6A /* main.m */,
			);
			name = "Supporting Files";
			sourceTree = "<group>";
		};
		4AED61F11E0F38CC000E7E6A /* DevslopesTutorialsTests */ = {
			isa = PBXGroup;
			children = (
				4AED61F21E0F38CC000E7E6A /* DevslopesTutorialsTests.m */,
				4AED61F41E0F38CC000E7E6A /* Info.plist */,
			);
			path = DevslopesTutorialsTests;
			sourceTree = "<group>";
		};
		4AED61FD1E0F38DD000E7E6A /* Services */ = {
			isa = PBXGroup;
			children = (
				4AED61FE1E0F3919000E7E6A /* HTTPService.h */,
				4AED61FF1E0F3919000E7E6A /* HTTPService.m */,
			);
			name = Services;
			sourceTree = "<group>";
		};
/* End PBXGroup section */

/* Begin PBXNativeTarget section */
		4AED61D41E0F38C9000E7E6A /* DevslopesTutorials */ = {
			isa = PBXNativeTarget;
			buildConfigurationList = 4AED61F71E0F38CC000E7E6A /* Build configuration list for PBXNativeTarget "DevslopesTutorials" */;
			buildPhases = (
				4AED61D11E0F38C9000E7E6A /* Sources */,
				4AED61D21E0F38C9000E7E6A /* Frameworks */,
				4AED61D31E0F38C9000E7E6A /* Resources */,
			);
			buildRules = (
			);
			dependencies = (
			);
			name = DevslopesTutorials;
			productName = DevslopesTutorials;
			productReference = 4AED61D51E0F38C9000E7E6A /* DevslopesTutorials.app */;
			productType = "com.apple.product-type.application";
		};
		4AED61ED1E0F38CC000E7E6A /* DevslopesTutorialsTests */ = {
			isa = PBXNativeTarget;
			buildConfigurationList = 4AED61FA1E0F38CC000E7E6A /* Build configuration list for PBXNativeTarget "DevslopesTutorialsTests" */;
			buildPhases = (
				4AED61EA1E0F38CC000E7E6A /* Sources */,
				4AED61EB1E0F38CC000E7E6A /* Frameworks */,
				4AED61EC1E0F38CC000E7E6A /* Resources */,
			);
			buildRules = (
			);
			dependencies = (
				4AED61F01E0F38CC000E7E6A /* PBXTargetDependency */,
			);
			name = DevslopesTutorialsTests;
			productName = DevslopesTutorialsTests;
			productReference = 4AED61EE1E0F38CC000E7E6A /* DevslopesTutorialsTests.xctest */;
			productType = "com.apple.product-type.bundle.unit-test";
		};
/* End PBXNativeTarget section */

/* Begin PBXProject section */
		4AED61CD1E0F38C8000E7E6A /* Project object */ = {
			isa = PBXProject;
			attributes = {
				LastUpgradeCheck = 0820;
				ORGANIZATIONNAME = mario;
				TargetAttributes = {
					4AED61D41E0F38C9000E7E6A = {
						CreatedOnToolsVersion = 8.2;
						DevelopmentTeam = K9TK5QFD27;
						ProvisioningStyle = Automatic;
					};
					4AED61ED1E0F38CC000E7E6A = {
						CreatedOnToolsVersion = 8.2;
						DevelopmentTeam = K9TK5QFD27;
						ProvisioningStyle = Automatic;
						TestTargetID = 4AED61D41E0F38C9000E7E6A;
					};
				};
			};
			buildConfigurationList = 4AED61D01E0F38C8000E7E6A /* Build configuration list for PBXProject "DevslopesTutorials" */;
			compatibilityVersion = "Xcode 3.2";
			developmentRegion = English;
			hasScannedForEncodings = 0;
			knownRegions = (
				en,
				Base,
			);
			mainGroup = 4AED61CC1E0F38C8000E7E6A;
			productRefGroup = 4AED61D61E0F38C9000E7E6A /* Products */;
			projectDirPath = "";
			projectRoot = "";
			targets = (
				4AED61D41E0F38C9000E7E6A /* DevslopesTutorials */,
				4AED61ED1E0F38CC000E7E6A /* DevslopesTutorialsTests */,
			);
		};
/* End PBXProject section */

/* Begin PBXResourcesBuildPhase section */
		4AED61D31E0F38C9000E7E6A /* Resources */ = {
			isa = PBXResourcesBuildPhase;
			buildActionMask = 2147483647;
			files = (
				4AED61E81E0F38CA000E7E6A /* LaunchScreen.storyboard in Resources */,
				4AED61E51E0F38CA000E7E6A /* Assets.xcassets in Resources */,
				4AED61E31E0F38CA000E7E6A /* Main.storyboard in Resources */,
			);
			runOnlyForDeploymentPostprocessing = 0;
		};
		4AED61EC1E0F38CC000E7E6A /* Resources */ = {
			isa = PBXResourcesBuildPhase;
			buildActionMask = 2147483647;
			files = (
			);
			runOnlyForDeploymentPostprocessing = 0;
		};
/* End PBXResourcesBuildPhase section */

/* Begin PBXSourcesBuildPhase section */
		4AED61D11E0F38C9000E7E6A /* Sources */ = {
			isa = PBXSourcesBuildPhase;
			buildActionMask = 2147483647;
			files = (
				4AED61E01E0F38CA000E7E6A /* ViewController.m in Sources */,
				4AED62001E0F3919000E7E6A /* HTTPService.m in Sources */,
				4AED61DD1E0F38CA000E7E6A /* AppDelegate.m in Sources */,
				4AED61DA1E0F38C9000E7E6A /* main.m in Sources */,
			);
			runOnlyForDeploymentPostprocessing = 0;
		};
		4AED61EA1E0F38CC000E7E6A /* Sources */ = {
			isa = PBXSourcesBuildPhase;
			buildActionMask = 2147483647;
			files = (
				4AED61F31E0F38CC000E7E6A /* DevslopesTutorialsTests.m in Sources */,
			);
			runOnlyForDeploymentPostprocessing = 0;
		};
/* End PBXSourcesBuildPhase section */

/* Begin PBXTargetDependency section */
		4AED61F01E0F38CC000E7E6A /* PBXTargetDependency */ = {
			isa = PBXTargetDependency;
			target = 4AED61D41E0F38C9000E7E6A /* DevslopesTutorials */;
			targetProxy = 4AED61EF1E0F38CC000E7E6A /* PBXContainerItemProxy */;
		};
/* End PBXTargetDependency section */

/* Begin PBXVariantGroup section */
		4AED61E11E0F38CA000E7E6A /* Main.storyboard */ = {
			isa = PBXVariantGroup;
			children = (
				4AED61E21E0F38CA000E7E6A /* Base */,
			);
			name = Main.storyboard;
			sourceTree = "<group>";
		};
		4AED61E61E0F38CA000E7E6A /* LaunchScreen.storyboard */ = {
			isa = PBXVariantGroup;
			children = (
				4AED61E71E0F38CA000E7E6A /* Base */,
			);
			name = LaunchScreen.storyboard;
			sourceTree = "<group>";
		};
/* End PBXVariantGroup section */

/* Begin XCBuildConfiguration section */
		4AED61F51E0F38CC000E7E6A /* Debug */ = {
			isa = XCBuildConfiguration;
			buildSettings = {
				ALWAYS_SEARCH_USER_PATHS = NO;
				CLANG_ANALYZER_NONNULL = YES;
				CLANG_CXX_LANGUAGE_STANDARD = "gnu++0x";
				CLANG_CXX_LIBRARY = "libc++";
				CLANG_ENABLE_MODULES = YES;
				CLANG_ENABLE_OBJC_ARC = YES;
				CLANG_WARN_BOOL_CONVERSION = YES;
				CLANG_WARN_CONSTANT_CONVERSION = YES;
				CLANG_WARN_DIRECT_OBJC_ISA_USAGE = YES_ERROR;
				CLANG_WARN_DOCUMENTATION_COMMENTS = YES;
				CLANG_WARN_EMPTY_BODY = YES;
				CLANG_WARN_ENUM_CONVERSION = YES;
				CLANG_WARN_INFINITE_RECURSION = YES;
				CLANG_WARN_INT_CONVERSION = YES;
				CLANG_WARN_OBJC_ROOT_CLASS = YES_ERROR;
				CLANG_WARN_SUSPICIOUS_MOVE = YES;
				CLANG_WARN_UNREACHABLE_CODE = YES;
				CLANG_WARN__DUPLICATE_METHOD_MATCH = YES;
				"CODE_SIGN_IDENTITY[sdk=iphoneos*]" = "iPhone Developer";
				COPY_PHASE_STRIP = NO;
				DEBUG_INFORMATION_FORMAT = dwarf;
				ENABLE_STRICT_OBJC_MSGSEND = YES;
				ENABLE_TESTABILITY = YES;
				GCC_C_LANGUAGE_STANDARD = gnu99;
				GCC_DYNAMIC_NO_PIC = NO;
				GCC_NO_COMMON_BLOCKS = YES;
				GCC_OPTIMIZATION_LEVEL = 0;
				GCC_PREPROCESSOR_DEFINITIONS = (
					"DEBUG=1",
					"$(inherited)",
				);
				GCC_WARN_64_TO_32_BIT_CONVERSION = YES;
				GCC_WARN_ABOUT_RETURN_TYPE = YES_ERROR;
				GCC_WARN_UNDECLARED_SELECTOR = YES;
				GCC_WARN_UNINITIALIZED_AUTOS = YES_AGGRESSIVE;
				GCC_WARN_UNUSED_FUNCTION = YES;
				GCC_WARN_UNUSED_VARIABLE = YES;
				IPHONEOS_DEPLOYMENT_TARGET = 10.2;
				MTL_ENABLE_DEBUG_INFO = YES;
				ONLY_ACTIVE_ARCH = YES;
				SDKROOT = iphoneos;
			};
			name = Debug;
		};
		4AED61F61E0F38CC000E7E6A /* Release */ = {
			isa = XCBuildConfiguration;
			buildSettings = {
				ALWAYS_SEARCH_USER_PATHS = NO;
				CLANG_ANALYZER_NONNULL = YES;
				CLANG_CXX_LANGUAGE_STANDARD = "gnu++0x";
				CLANG_CXX_LIBRARY = "libc++";
				CLANG_ENABLE_MODULES = YES;
				CLANG_ENABLE_OBJC_ARC = YES;
				CLANG_WARN_BOOL_CONVERSION = YES;
				CLANG_WARN_CONSTANT_CONVERSION = YES;
				CLANG_WARN_DIRECT_OBJC_ISA_USAGE = YES_ERROR;
				CLANG_WARN_DOCUMENTATION_COMMENTS = YES;
				CLANG_WARN_EMPTY_BODY = YES;
				CLANG_WARN_ENUM_CONVERSION = YES;
				CLANG_WARN_INFINITE_RECURSION = YES;
				CLANG_WARN_INT_CONVERSION = YES;
				CLANG_WARN_OBJC_ROOT_CLASS = YES_ERROR;
				CLANG_WARN_SUSPICIOUS_MOVE = YES;
				CLANG_WARN_UNREACHABLE_CODE = YES;
				CLANG_WARN__DUPLICATE_METHOD_MATCH = YES;
				"CODE_SIGN_IDENTITY[sdk=iphoneos*]" = "iPhone Developer";
				COPY_PHASE_STRIP = NO;
				DEBUG_INFORMATION_FORMAT = "dwarf-with-dsym";
				ENABLE_NS_ASSERTIONS = NO;
				ENABLE_STRICT_OBJC_MSGSEND = YES;
				GCC_C_LANGUAGE_STANDARD = gnu99;
				GCC_NO_COMMON_BLOCKS = YES;
				GCC_WARN_64_TO_32_BIT_CONVERSION = YES;
				GCC_WARN_ABOUT_RETURN_TYPE = YES_ERROR;
				GCC_WARN_UNDECLARED_SELECTOR = YES;
				GCC_WARN_UNINITIALIZED_AUTOS = YES_AGGRESSIVE;
				GCC_WARN_UNUSED_FUNCTION = YES;
				GCC_WARN_UNUSED_VARIABLE = YES;
				IPHONEOS_DEPLOYMENT_TARGET = 10.2;
				MTL_ENABLE_DEBUG_INFO = NO;
				SDKROOT = iphoneos;
				VALIDATE_PRODUCT = YES;
			};
			name = Release;
		};
		4AED61F81E0F38CC000E7E6A /* Debug */ = {
			isa = XCBuildConfiguration;
			buildSettings = {
				ASSETCATALOG_COMPILER_APPICON_NAME = AppIcon;
				DEVELOPMENT_TEAM = K9TK5QFD27;
				INFOPLIST_FILE = DevslopesTutorials/Info.plist;
				LD_RUNPATH_SEARCH_PATHS = "$(inherited) @executable_path/Frameworks";
				PRODUCT_BUNDLE_IDENTIFIER = com.DevslopesTutorials;
				PRODUCT_NAME = "$(TARGET_NAME)";
			};
			name = Debug;
		};
		4AED61F91E0F38CC000E7E6A /* Release */ = {
			isa = XCBuildConfiguration;
			buildSettings = {
				ASSETCATALOG_COMPILER_APPICON_NAME = AppIcon;
				DEVELOPMENT_TEAM = K9TK5QFD27;
				INFOPLIST_FILE = DevslopesTutorials/Info.plist;
				LD_RUNPATH_SEARCH_PATHS = "$(inherited) @executable_path/Frameworks";
				PRODUCT_BUNDLE_IDENTIFIER = com.DevslopesTutorials;
				PRODUCT_NAME = "$(TARGET_NAME)";
			};
			name = Release;
		};
		4AED61FB1E0F38CC000E7E6A /* Debug */ = {
			isa = XCBuildConfiguration;
			buildSettings = {
				BUNDLE_LOADER = "$(TEST_HOST)";
				DEVELOPMENT_TEAM = K9TK5QFD27;
				INFOPLIST_FILE = DevslopesTutorialsTests/Info.plist;
				LD_RUNPATH_SEARCH_PATHS = "$(inherited) @executable_path/Frameworks @loader_path/Frameworks";
				PRODUCT_BUNDLE_IDENTIFIER = com.DevslopesTutorialsTests;
				PRODUCT_NAME = "$(TARGET_NAME)";
				TEST_HOST = "$(BUILT_PRODUCTS_DIR)/DevslopesTutorials.app/DevslopesTutorials";
			};
			name = Debug;
		};
		4AED61FC1E0F38CC000E7E6A /* Release */ = {
			isa = XCBuildConfiguration;
			buildSettings = {
				BUNDLE_LOADER = "$(TEST_HOST)";
				DEVELOPMENT_TEAM = K9TK5QFD27;
				INFOPLIST_FILE = DevslopesTutorialsTests/Info.plist;
				LD_RUNPATH_SEARCH_PATHS = "$(inherited) @executable_path/Frameworks @loader_path/Frameworks";
				PRODUCT_BUNDLE_IDENTIFIER = com.DevslopesTutorialsTests;
				PRODUCT_NAME = "$(TARGET_NAME)";
				TEST_HOST = "$(BUILT_PRODUCTS_DIR)/DevslopesTutorials.app/DevslopesTutorials";
			};
			name = Release;
		};
/* End XCBuildConfiguration section */

/* Begin XCConfigurationList section */
		4AED61D01E0F38C8000E7E6A /* Build configuration list for PBXProject "DevslopesTutorials" */ = {
			isa = XCConfigurationList;
			buildConfigurations = (
				4AED61F51E0F38CC000E7E6A /* Debug */,
				4AED61F61E0F38CC000E7E6A /* Release */,
			);
			defaultConfigurationIsVisible = 0;
			defaultConfigurationName = Release;
		};
		4AED61F71E0F38CC000E7E6A /* Build configuration list for PBXNativeTarget "DevslopesTutorials" */ = {
			isa = XCConfigurationList;
			buildConfigurations = (
				4AED61F81E0F38CC000E7E6A /* Debug */,
				4AED61F91E0F38CC000E7E6A /* Release */,
			);
			defaultConfigurationIsVisible = 0;
		};
		4AED61FA1E0F38CC000E7E6A /* Build configuration list for PBXNativeTarget "DevslopesTutorialsTests" */ = {
			isa = XCConfigurationList;
			buildConfigurations = (
				4AED61FB1E0F38CC000E7E6A /* Debug */,
				4AED61FC1E0F38CC000E7E6A /* Release */,
			);
			defaultConfigurationIsVisible = 0;
		};
/* End XCConfigurationList section */
	};
	rootObject = 4AED61CD1E0F38C8000E7E6A /* Project object */;
}
